
Microsoft Visual Studio Solution File, Format Version 12.00
# Visual Studio Version 17
VisualStudioVersion = 17.11.35219.272
MinimumVisualStudioVersion = 10.0.40219.1
Project("{FAE04EC0-301F-11D3-BF4B-00C04F79EFBC}") = "NKInfStamina", "NKInfStamina\NKInfStamina.csproj", "{8387CF2B-8C7A-48CC-8B08-7403E4B6A0F8}"
EndProject
Global
	GlobalSection(SolutionConfigurationPlatforms) = preSolution
		Debug|Any CPU = Debug|Any CPU
		Release|Any CPU = Release|Any CPU
	EndGlobalSection
	GlobalSection(ProjectConfigurationPlatforms) = postSolution
		{8387CF2B-8C7A-48CC-8B08-7403E4B6A0F8}.Debug|Any CPU.ActiveCfg = Debug|Any CPU
		{8387CF2B-8C7A-48CC-8B08-7403E4B6A0F8}.Debug|Any CPU.Build.0 = Debug|Any CPU
		{8387CF2B-8C7A-48CC-8B08-7403E4B6A0F8}.Release|Any CPU.ActiveCfg = Release|Any CPU
		{8387CF2B-8C7A-48CC-8B08-7403E4B6A0F8}.Release|Any CPU.Build.0 = Release|Any CPU
	EndGlobalSection
	GlobalSection(SolutionProperties) = preSolution
		HideSolutionNode = FALSE
	EndGlobalSection
	GlobalSection(ExtensibilityGlobals) = postSolution
		SolutionGuid = {17B7CCBD-ED53-4400-9416-7F72A6219E00}
	EndGlobalSection
EndGlobal
